// !$*UTF8*$!
{
	archiveVersion = 1;
	classes = {
	};
	objectVersion = 50;
	objects = {

/* Begin PBXBuildFile section */
		D2099499211E92DE00EB6712 /* AppDelegate.swift in Sources */ = {isa = PBXBuildFile; fileRef = D2099498211E92DE00EB6712 /* AppDelegate.swift */; };
		D209949B211E92DE00EB6712 /* ViewController.swift in Sources */ = {isa = PBXBuildFile; fileRef = D209949A211E92DE00EB6712 /* ViewController.swift */; };
		D209949E211E92DE00EB6712 /* Main.storyboard in Resources */ = {isa = PBXBuildFile; fileRef = D209949C211E92DE00EB6712 /* Main.storyboard */; };
		D20994A0211E92E000EB6712 /* Assets.xcassets in Resources */ = {isa = PBXBuildFile; fileRef = D209949F211E92E000EB6712 /* Assets.xcassets */; };
		D20994A3211E92E000EB6712 /* LaunchScreen.storyboard in Resources */ = {isa = PBXBuildFile; fileRef = D20994A1211E92E000EB6712 /* LaunchScreen.storyboard */; };
		D20994AB212276B600EB6712 /* StupidMatch.swift in Sources */ = {isa = PBXBuildFile; fileRef = D20994AA212276B600EB6712 /* StupidMatch.swift */; };
		D20994AD2122790400EB6712 /* Card.swift in Sources */ = {isa = PBXBuildFile; fileRef = D20994AC2122790400EB6712 /* Card.swift */; };
/* End PBXBuildFile section */

/* Begin PBXFileReference section */
		D2099495211E92DE00EB6712 /* StupidMatch.app */ = {isa = PBXFileReference; explicitFileType = wrapper.application; includeInIndex = 0; path = StupidMatch.app; sourceTree = BUILT_PRODUCTS_DIR; };
		D2099498211E92DE00EB6712 /* AppDelegate.swift */ = {isa = PBXFileReference; lastKnownFileType = sourcecode.swift; path = AppDelegate.swift; sourceTree = "<group>"; };
		D209949A211E92DE00EB6712 /* ViewController.swift */ = {isa = PBXFileReference; lastKnownFileType = sourcecode.swift; path = ViewController.swift; sourceTree = "<group>"; };
		D209949D211E92DE00EB6712 /* Base */ = {isa = PBXFileReference; lastKnownFileType = file.storyboard; name = Base; path = Base.lproj/Main.storyboard; sourceTree = "<group>"; };
		D209949F211E92E000EB6712 /* Assets.xcassets */ = {isa = PBXFileReference; lastKnownFileType = folder.assetcatalog; path = Assets.xcassets; sourceTree = "<group>"; };
		D20994A2211E92E000EB6712 /* Base */ = {isa = PBXFileReference; lastKnownFileType = file.storyboard; name = Base; path = Base.lproj/LaunchScreen.storyboard; sourceTree = "<group>"; };
		D20994A4211E92E000EB6712 /* Info.plist */ = {isa = PBXFileReference; lastKnownFileType = text.plist.xml; path = Info.plist; sourceTree = "<group>"; };
		D20994AA212276B600EB6712 /* StupidMatch.swift */ = {isa = PBXFileReference; lastKnownFileType = sourcecode.swift; path = StupidMatch.swift; sourceTree = "<group>"; };
		D20994AC2122790400EB6712 /* Card.swift */ = {isa = PBXFileReference; lastKnownFileType = sourcecode.swift; path = Card.swift; sourceTree = "<group>"; };
/* End PBXFileReference section */

/* Begin PBXFrameworksBuildPhase section */
		D2099492211E92DE00EB6712 /* Frameworks */ = {
			isa = PBXFrameworksBuildPhase;
			buildActionMask = 2147483647;
			files = (
			);
			runOnlyForDeploymentPostprocessing = 0;
		};
/* End PBXFrameworksBuildPhase section */

/* Begin PBXGroup section */
		D209948C211E92DE00EB6712 = {
			isa = PBXGroup;
			children = (
				D2099497211E92DE00EB6712 /* StupidMatch */,
				D2099496211E92DE00EB6712 /* Products */,
			);
			sourceTree = "<group>";
		};
		D2099496211E92DE00EB6712 /* Products */ = {
			isa = PBXGroup;
			children = (
				D2099495211E92DE00EB6712 /* StupidMatch.app */,
			);
			name = Products;
			sourceTree = "<group>";
		};
		D2099497211E92DE00EB6712 /* StupidMatch */ = {
			isa = PBXGroup;
			children = (
				D20994AA212276B600EB6712 /* StupidMatch.swift */,
				D20994AC2122790400EB6712 /* Card.swift */,
				D2099498211E92DE00EB6712 /* AppDelegate.swift */,
				D209949A211E92DE00EB6712 /* ViewController.swift */,
				D209949C211E92DE00EB6712 /* Main.storyboard */,
				D209949F211E92E000EB6712 /* Assets.xcassets */,
				D20994A1211E92E000EB6712 /* LaunchScreen.storyboard */,
				D20994A4211E92E000EB6712 /* Info.plist */,
			);
			path = StupidMatch;
			sourceTree = "<group>";
		};
/* End PBXGroup section */

/* Begin PBXNativeTarget section */
		D2099494211E92DE00EB6712 /* StupidMatch */ = {
			isa = PBXNativeTarget;
			buildConfigurationList = D20994A7211E92E000EB6712 /* Build configuration list for PBXNativeTarget "StupidMatch" */;
			buildPhases = (
				D2099491211E92DE00EB6712 /* Sources */,
				D2099492211E92DE00EB6712 /* Frameworks */,
				D2099493211E92DE00EB6712 /* Resources */,
			);
			buildRules = (
			);
			dependencies = (
			);
			name = StupidMatch;
			productName = StupidMatch;
			productReference = D2099495211E92DE00EB6712 /* StupidMatch.app */;
			productType = "com.apple.product-type.application";
		};
/* End PBXNativeTarget section */

/* Begin PBXProject section */
		D209948D211E92DE00EB6712 /* Project object */ = {
			isa = PBXProject;
			attributes = {
				LastSwiftUpdateCheck = 0940;
				LastUpgradeCheck = 0940;
				ORGANIZATIONNAME = "Viraj Jagale";
				TargetAttributes = {
					D2099494211E92DE00EB6712 = {
						CreatedOnToolsVersion = 9.4.1;
					};
				};
			};
			buildConfigurationList = D2099490211E92DE00EB6712 /* Build configuration list for PBXProject "StupidMatch" */;
			compatibilityVersion = "Xcode 9.3";
			developmentRegion = en;
			hasScannedForEncodings = 0;
			knownRegions = (
				en,
				Base,
			);
			mainGroup = D209948C211E92DE00EB6712;
			productRefGroup = D2099496211E92DE00EB6712 /* Products */;
			projectDirPath = "";
			projectRoot = "";
			targets = (
				D2099494211E92DE00EB6712 /* StupidMatch */,
			);
		};
/* End PBXProject section */

/* Begin PBXResourcesBuildPhase section */
		D2099493211E92DE00EB6712 /* Resources */ = {
			isa = PBXResourcesBuildPhase;
			buildActionMask = 2147483647;
			files = (
				D20994A3211E92E000EB6712 /* LaunchScreen.storyboard in Resources */,
				D20994A0211E92E000EB6712 /* Assets.xcassets in Resources */,
				D209949E211E92DE00EB6712 /* Main.storyboard in Resources */,
			);
			runOnlyForDeploymentPostprocessing = 0;
		};
/* End PBXResourcesBuildPhase section */

/* Begin PBXSourcesBuildPhase section */
		D2099491211E92DE00EB6712 /* Sources */ = {
			isa = PBXSourcesBuildPhase;
			buildActionMask = 2147483647;
			files = (
				D209949B211E92DE00EB6712 /* ViewController.swift in Sources */,
				D20994AB212276B600EB6712 /* StupidMatch.swift in Sources */,
				D2099499211E92DE00EB6712 /* AppDelegate.swift in Sources */,
				D20994AD2122790400EB6712 /* Card.swift in Sources */,
			);
			runOnlyForDeploymentPostprocessing = 0;
		};
/* End PBXSourcesBuildPhase section */

/* Begin PBXVariantGroup section */
		D209949C211E92DE00EB6712 /* Main.storyboard */ = {
			isa = PBXVariantGroup;
			children = (
				D209949D211E92DE00EB6712 /* Base */,
			);
			name = Main.storyboard;
			sourceTree = "<group>";
		};
		D20994A1211E92E000EB6712 /* LaunchScreen.storyboard */ = {
			isa = PBXVariantGroup;
			children = (
				D20994A2211E92E000EB6712 /* Base */,
			);
			name = LaunchScreen.storyboard;
			sourceTree = "<group>";
		};
/* End PBXVariantGroup section */

/* Begin XCBuildConfiguration section */
		D20994A5211E92E000EB6712 /* Debug */ = {
			isa = XCBuildConfiguration;
			buildSettings = {
				ALWAYS_SEARCH_USER_PATHS = NO;
				CLANG_ANALYZER_NONNULL = YES;
				CLANG_ANALYZER_NUMBER_OBJECT_CONVERSION = YES_AGGRESSIVE;
				CLANG_CXX_LANGUAGE_STANDARD = "gnu++14";
				CLANG_CXX_LIBRARY = "libc++";
				CLANG_ENABLE_MODULES = YES;
				CLANG_ENABLE_OBJC_ARC = YES;
				CLANG_ENABLE_OBJC_WEAK = YES;
				CLANG_WARN_BLOCK_CAPTURE_AUTORELEASING = YES;
				CLANG_WARN_BOOL_CONVERSION = YES;
				CLANG_WARN_COMMA = YES;
				CLANG_WARN_CONSTANT_CONVERSION = YES;
				CLANG_WARN_DEPRECATED_OBJC_IMPLEMENTATIONS = YES;
				CLANG_WARN_DIRECT_OBJC_ISA_USAGE = YES_ERROR;
				CLANG_WARN_DOCUMENTATION_COMMENTS = YES;
				CLANG_WARN_EMPTY_BODY = YES;
				CLANG_WARN_ENUM_CONVERSION = YES;
				CLANG_WARN_INFINITE_RECURSION = YES;
				CLANG_WARN_INT_CONVERSION = YES;
				CLANG_WARN_NON_LITERAL_NULL_CONVERSION = YES;
				CLANG_WARN_OBJC_IMPLICIT_RETAIN_SELF = YES;
				CLANG_WARN_OBJC_LITERAL_CONVERSION = YES;
				CLANG_WARN_OBJC_ROOT_CLASS = YES_ERROR;
				CLANG_WARN_RANGE_LOOP_ANALYSIS = YES;
				CLANG_WARN_STRICT_PROTOTYPES = YES;
				CLANG_WARN_SUSPICIOUS_MOVE = YES;
				CLANG_WARN_UNGUARDED_AVAILABILITY = YES_AGGRESSIVE;
				CLANG_WARN_UNREACHABLE_CODE = YES;
				CLANG_WARN__DUPLICATE_METHOD_MATCH = YES;
				CODE_SIGN_IDENTITY = "iPhone Developer";
				COPY_PHASE_STRIP = NO;
				DEBUG_INFORMATION_FORMAT = dwarf;
				ENABLE_STRICT_OBJC_MSGSEND = YES;
				ENABLE_TESTABILITY = YES;
				GCC_C_LANGUAGE_STANDARD = gnu11;
				GCC_DYNAMIC_NO_PIC = NO;
				GCC_NO_COMMON_BLOCKS = YES;
				GCC_OPTIMIZATION_LEVEL = 0;
				GCC_PREPROCESSOR_DEFINITIONS = (
					"DEBUG=1",
					"$(inherited)",
				);
				GCC_WARN_64_TO_32_BIT_CONVERSION = YES;
				GCC_WARN_ABOUT_RETURN_TYPE = YES_ERROR;
				GCC_WARN_UNDECLARED_SELECTOR = YES;
				GCC_WARN_UNINITIALIZED_AUTOS = YES_AGGRESSIVE;
				GCC_WARN_UNUSED_FUNCTION = YES;
				GCC_WARN_UNUSED_VARIABLE = YES;
				IPHONEOS_DEPLOYMENT_TARGET = 11.4;
				MTL_ENABLE_DEBUG_INFO = YES;
				ONLY_ACTIVE_ARCH = YES;
				SDKROOT = iphoneos;
				SWIFT_ACTIVE_COMPILATION_CONDITIONS = DEBUG;
				SWIFT_OPTIMIZATION_LEVEL = "-Onone";
			};
			name = Debug;
		};
		D20994A6211E92E000EB6712 /* Release */ = {
			isa = XCBuildConfiguration;
			buildSettings = {
				ALWAYS_SEARCH_USER_PATHS = NO;
				CLANG_ANALYZER_NONNULL = YES;
				CLANG_ANALYZER_NUMBER_OBJECT_CONVERSION = YES_AGGRESSIVE;
				CLANG_CXX_LANGUAGE_STANDARD = "gnu++14";
				CLANG_CXX_LIBRARY = "libc++";
				CLANG_ENABLE_MODULES = YES;
				CLANG_ENABLE_OBJC_ARC = YES;
				CLANG_ENABLE_OBJC_WEAK = YES;
				CLANG_WARN_BLOCK_CAPTURE_AUTORELEASING = YES;
				CLANG_WARN_BOOL_CONVERSION = YES;
				CLANG_WARN_COMMA = YES;
				CLANG_WARN_CONSTANT_CONVERSION = YES;
				CLANG_WARN_DEPRECATED_OBJC_IMPLEMENTATIONS = YES;
				CLANG_WARN_DIRECT_OBJC_ISA_USAGE = YES_ERROR;
				CLANG_WARN_DOCUMENTATION_COMMENTS = YES;
				CLANG_WARN_EMPTY_BODY = YES;
				CLANG_WARN_ENUM_CONVERSION = YES;
				CLANG_WARN_INFINITE_RECURSION = YES;
				CLANG_WARN_INT_CONVERSION = YES;
				CLANG_WARN_NON_LITERAL_NULL_CONVERSION = YES;
				CLANG_WARN_OBJC_IMPLICIT_RETAIN_SELF = YES;
				CLANG_WARN_OBJC_LITERAL_CONVERSION = YES;
				CLANG_WARN_OBJC_ROOT_CLASS = YES_ERROR;
				CLANG_WARN_RANGE_LOOP_ANALYSIS = YES;
				CLANG_WARN_STRICT_PROTOTYPES = YES;
				CLANG_WARN_SUSPICIOUS_MOVE = YES;
				CLANG_WARN_UNGUARDED_AVAILABILITY = YES_AGGRESSIVE;
				CLANG_WARN_UNREACHABLE_CODE = YES;
				CLANG_WARN__DUPLICATE_METHOD_MATCH = YES;
				CODE_SIGN_IDENTITY = "iPhone Developer";
				COPY_PHASE_STRIP = NO;
				DEBUG_INFORMATION_FORMAT = "dwarf-with-dsym";
				ENABLE_NS_ASSERTIONS = NO;
				ENABLE_STRICT_OBJC_MSGSEND = YES;
				GCC_C_LANGUAGE_STANDARD = gnu11;
				GCC_NO_COMMON_BLOCKS = YES;
				GCC_WARN_64_TO_32_BIT_CONVERSION = YES;
				GCC_WARN_ABOUT_RETURN_TYPE = YES_ERROR;
				GCC_WARN_UNDECLARED_SELECTOR = YES;
				GCC_WARN_UNINITIALIZED_AUTOS = YES_AGGRESSIVE;
				GCC_WARN_UNUSED_FUNCTION = YES;
				GCC_WARN_UNUSED_VARIABLE = YES;
				IPHONEOS_DEPLOYMENT_TARGET = 11.4;
				MTL_ENABLE_DEBUG_INFO = NO;
				SDKROOT = iphoneos;
				SWIFT_COMPILATION_MODE = wholemodule;
				SWIFT_OPTIMIZATION_LEVEL = "-O";
				VALIDATE_PRODUCT = YES;
			};
			name = Release;
		};
		D20994A8211E92E000EB6712 /* Debug */ = {
			isa = XCBuildConfiguration;
			buildSettings = {
				ASSETCATALOG_COMPILER_APPICON_NAME = AppIcon;
				CODE_SIGN_STYLE = Automatic;
				DEVELOPMENT_TEAM = XKP828QW7X;
				INFOPLIST_FILE = StupidMatch/Info.plist;
				LD_RUNPATH_SEARCH_PATHS = (
					"$(inherited)",
					"@executable_path/Frameworks",
				);
				PRODUCT_BUNDLE_IDENTIFIER = edu.ucf.Viraj.StupidMatch;
				PRODUCT_NAME = "$(TARGET_NAME)";
				SWIFT_VERSION = 4.0;
				TARGETED_DEVICE_FAMILY = "1,2";
			};
			name = Debug;
		};
		D20994A9211E92E000EB6712 /* Release */ = {
			isa = XCBuildConfiguration;
			buildSettings = {
				ASSETCATALOG_COMPILER_APPICON_NAME = AppIcon;
				CODE_SIGN_STYLE = Automatic;
				DEVELOPMENT_TEAM = XKP828QW7X;
				INFOPLIST_FILE = StupidMatch/Info.plist;
				LD_RUNPATH_SEARCH_PATHS = (
					"$(inherited)",
					"@executable_path/Frameworks",
				);
				PRODUCT_BUNDLE_IDENTIFIER = edu.ucf.Viraj.StupidMatch;
				PRODUCT_NAME = "$(TARGET_NAME)";
				SWIFT_VERSION = 4.0;
				TARGETED_DEVICE_FAMILY = "1,2";
			};
			name = Release;
		};
/* End XCBuildConfiguration section */

/* Begin XCConfigurationList section */
		D2099490211E92DE00EB6712 /* Build configuration list for PBXProject "StupidMatch" */ = {
			isa = XCConfigurationList;
			buildConfigurations = (
				D20994A5211E92E000EB6712 /* Debug */,
				D20994A6211E92E000EB6712 /* Release */,
			);
			defaultConfigurationIsVisible = 0;
			defaultConfigurationName = Release;
		};
		D20994A7211E92E000EB6712 /* Build configuration list for PBXNativeTarget "StupidMatch" */ = {
			isa = XCConfigurationList;
			buildConfigurations = (
				D20994A8211E92E000EB6712 /* Debug */,
				D20994A9211E92E000EB6712 /* Release */,
			);
			defaultConfigurationIsVisible = 0;
			defaultConfigurationName = Release;
		};
/* End XCConfigurationList section */
	};
	rootObject = D209948D211E92DE00EB6712 /* Project object */;
}
